
Microsoft Visual Studio Solution File, Format Version 12.00
# Visual Studio 2012
Project("{FAE04EC0-301F-11D3-BF4B-00C04F79EFBC}") = "EnrollmentSystem.core", "EnrollmentSystem.core\EnrollmentSystem.core.csproj", "{EC080788-66BD-401F-99F4-A774D827174D}"
EndProject
Project("{FAE04EC0-301F-11D3-BF4B-00C04F79EFBC}") = "EnrollmentSystem.Test", "EnrollmentSystem.Test\EnrollmentSystem.Test.csproj", "{224E88E5-9D53-45CF-9A96-19EC0C708110}"
EndProject
Global
	GlobalSection(SolutionConfigurationPlatforms) = preSolution
		Debug|Any CPU = Debug|Any CPU
		Release|Any CPU = Release|Any CPU
	EndGlobalSection
	GlobalSection(ProjectConfigurationPlatforms) = postSolution
		{EC080788-66BD-401F-99F4-A774D827174D}.Debug|Any CPU.ActiveCfg = Debug|Any CPU
		{EC080788-66BD-401F-99F4-A774D827174D}.Debug|Any CPU.Build.0 = Debug|Any CPU
		{EC080788-66BD-401F-99F4-A774D827174D}.Release|Any CPU.ActiveCfg = Release|Any CPU
		{EC080788-66BD-401F-99F4-A774D827174D}.Release|Any CPU.Build.0 = Release|Any CPU
		{224E88E5-9D53-45CF-9A96-19EC0C708110}.Debug|Any CPU.ActiveCfg = Debug|Any CPU
		{224E88E5-9D53-45CF-9A96-19EC0C708110}.Debug|Any CPU.Build.0 = Debug|Any CPU
		{224E88E5-9D53-45CF-9A96-19EC0C708110}.Release|Any CPU.ActiveCfg = Release|Any CPU
		{224E88E5-9D53-45CF-9A96-19EC0C708110}.Release|Any CPU.Build.0 = Release|Any CPU
	EndGlobalSection
	GlobalSection(SolutionProperties) = preSolution
		HideSolutionNode = FALSE
	EndGlobalSection
EndGlobal
